
Microsoft Visual Studio Solution File, Format Version 12.00
# Visual Studio Version 17
VisualStudioVersion = 17.2.32630.192
MinimumVisualStudioVersion = 10.0.40219.1
Project("{FAE04EC0-301F-11D3-BF4B-00C04F79EFBC}") = "q8_l2", "q8_l2\q8_l2.csproj", "{DB214435-9F1D-492F-B2D1-84B837F6C965}"
EndProject
Global
	GlobalSection(SolutionConfigurationPlatforms) = preSolution
		Debug|Any CPU = Debug|Any CPU
		Release|Any CPU = Release|Any CPU
	EndGlobalSection
	GlobalSection(ProjectConfigurationPlatforms) = postSolution
		{DB214435-9F1D-492F-B2D1-84B837F6C965}.Debug|Any CPU.ActiveCfg = Debug|Any CPU
		{DB214435-9F1D-492F-B2D1-84B837F6C965}.Debug|Any CPU.Build.0 = Debug|Any CPU
		{DB214435-9F1D-492F-B2D1-84B837F6C965}.Release|Any CPU.ActiveCfg = Release|Any CPU
		{DB214435-9F1D-492F-B2D1-84B837F6C965}.Release|Any CPU.Build.0 = Release|Any CPU
	EndGlobalSection
	GlobalSection(SolutionProperties) = preSolution
		HideSolutionNode = FALSE
	EndGlobalSection
	GlobalSection(ExtensibilityGlobals) = postSolution
		SolutionGuid = {AB6A9E28-BAE0-403A-A876-C18BC84E003C}
	EndGlobalSection
EndGlobal
