
Microsoft Visual Studio Solution File, Format Version 12.00
# Visual Studio Version 17
VisualStudioVersion = 17.2.32630.192
MinimumVisualStudioVersion = 10.0.40219.1
Project("{FAE04EC0-301F-11D3-BF4B-00C04F79EFBC}") = "q1_l2", "q1_l2\q1_l2.csproj", "{57E3A071-CC91-4335-B1D1-AA236C629628}"
EndProject
Global
	GlobalSection(SolutionConfigurationPlatforms) = preSolution
		Debug|Any CPU = Debug|Any CPU
		Release|Any CPU = Release|Any CPU
	EndGlobalSection
	GlobalSection(ProjectConfigurationPlatforms) = postSolution
		{57E3A071-CC91-4335-B1D1-AA236C629628}.Debug|Any CPU.ActiveCfg = Debug|Any CPU
		{57E3A071-CC91-4335-B1D1-AA236C629628}.Debug|Any CPU.Build.0 = Debug|Any CPU
		{57E3A071-CC91-4335-B1D1-AA236C629628}.Release|Any CPU.ActiveCfg = Release|Any CPU
		{57E3A071-CC91-4335-B1D1-AA236C629628}.Release|Any CPU.Build.0 = Release|Any CPU
	EndGlobalSection
	GlobalSection(SolutionProperties) = preSolution
		HideSolutionNode = FALSE
	EndGlobalSection
	GlobalSection(ExtensibilityGlobals) = postSolution
		SolutionGuid = {7A39E60F-03A8-4321-83DF-5E7B6DB2698C}
	EndGlobalSection
EndGlobal
