
Microsoft Visual Studio Solution File, Format Version 12.00
# Visual Studio Version 17
VisualStudioVersion = 17.2.32630.192
MinimumVisualStudioVersion = 10.0.40219.1
Project("{FAE04EC0-301F-11D3-BF4B-00C04F79EFBC}") = "q5_l2", "q5_l2\q5_l2.csproj", "{46FD67C7-BE77-4BFD-9EC1-A0F349F2C77A}"
EndProject
Global
	GlobalSection(SolutionConfigurationPlatforms) = preSolution
		Debug|Any CPU = Debug|Any CPU
		Release|Any CPU = Release|Any CPU
	EndGlobalSection
	GlobalSection(ProjectConfigurationPlatforms) = postSolution
		{46FD67C7-BE77-4BFD-9EC1-A0F349F2C77A}.Debug|Any CPU.ActiveCfg = Debug|Any CPU
		{46FD67C7-BE77-4BFD-9EC1-A0F349F2C77A}.Debug|Any CPU.Build.0 = Debug|Any CPU
		{46FD67C7-BE77-4BFD-9EC1-A0F349F2C77A}.Release|Any CPU.ActiveCfg = Release|Any CPU
		{46FD67C7-BE77-4BFD-9EC1-A0F349F2C77A}.Release|Any CPU.Build.0 = Release|Any CPU
	EndGlobalSection
	GlobalSection(SolutionProperties) = preSolution
		HideSolutionNode = FALSE
	EndGlobalSection
	GlobalSection(ExtensibilityGlobals) = postSolution
		SolutionGuid = {C5AE4D78-1CCD-4620-B4B6-6792E3D879E4}
	EndGlobalSection
EndGlobal
