
Microsoft Visual Studio Solution File, Format Version 12.00
# Visual Studio Version 17
VisualStudioVersion = 17.2.32630.192
MinimumVisualStudioVersion = 10.0.40219.1
Project("{FAE04EC0-301F-11D3-BF4B-00C04F79EFBC}") = "q6", "q6\q6.csproj", "{C5B7E301-839F-4F59-ABF4-922A519513BD}"
EndProject
Global
	GlobalSection(SolutionConfigurationPlatforms) = preSolution
		Debug|Any CPU = Debug|Any CPU
		Release|Any CPU = Release|Any CPU
	EndGlobalSection
	GlobalSection(ProjectConfigurationPlatforms) = postSolution
		{C5B7E301-839F-4F59-ABF4-922A519513BD}.Debug|Any CPU.ActiveCfg = Debug|Any CPU
		{C5B7E301-839F-4F59-ABF4-922A519513BD}.Debug|Any CPU.Build.0 = Debug|Any CPU
		{C5B7E301-839F-4F59-ABF4-922A519513BD}.Release|Any CPU.ActiveCfg = Release|Any CPU
		{C5B7E301-839F-4F59-ABF4-922A519513BD}.Release|Any CPU.Build.0 = Release|Any CPU
	EndGlobalSection
	GlobalSection(SolutionProperties) = preSolution
		HideSolutionNode = FALSE
	EndGlobalSection
	GlobalSection(ExtensibilityGlobals) = postSolution
		SolutionGuid = {01C40B52-D841-4AF8-8195-A193152240FF}
	EndGlobalSection
EndGlobal
