
Microsoft Visual Studio Solution File, Format Version 12.00
# Visual Studio Version 17
VisualStudioVersion = 17.2.32630.192
MinimumVisualStudioVersion = 10.0.40219.1
Project("{FAE04EC0-301F-11D3-BF4B-00C04F79EFBC}") = "q1", "q1\q1.csproj", "{6C9513C7-9C60-4700-8B75-6095EE1F8F79}"
EndProject
Global
	GlobalSection(SolutionConfigurationPlatforms) = preSolution
		Debug|Any CPU = Debug|Any CPU
		Release|Any CPU = Release|Any CPU
	EndGlobalSection
	GlobalSection(ProjectConfigurationPlatforms) = postSolution
		{6C9513C7-9C60-4700-8B75-6095EE1F8F79}.Debug|Any CPU.ActiveCfg = Debug|Any CPU
		{6C9513C7-9C60-4700-8B75-6095EE1F8F79}.Debug|Any CPU.Build.0 = Debug|Any CPU
		{6C9513C7-9C60-4700-8B75-6095EE1F8F79}.Release|Any CPU.ActiveCfg = Release|Any CPU
		{6C9513C7-9C60-4700-8B75-6095EE1F8F79}.Release|Any CPU.Build.0 = Release|Any CPU
	EndGlobalSection
	GlobalSection(SolutionProperties) = preSolution
		HideSolutionNode = FALSE
	EndGlobalSection
	GlobalSection(ExtensibilityGlobals) = postSolution
		SolutionGuid = {306AC000-345F-4B6F-BEE0-A846661D2F57}
	EndGlobalSection
EndGlobal
