
Microsoft Visual Studio Solution File, Format Version 12.00
# Visual Studio Version 17
VisualStudioVersion = 17.2.32630.192
MinimumVisualStudioVersion = 10.0.40219.1
Project("{FAE04EC0-301F-11D3-BF4B-00C04F79EFBC}") = "tipos_primitivos", "tipos_primitivos\tipos_primitivos.csproj", "{BB5D22DF-9783-43B4-8C27-88300E961694}"
EndProject
Global
	GlobalSection(SolutionConfigurationPlatforms) = preSolution
		Debug|Any CPU = Debug|Any CPU
		Release|Any CPU = Release|Any CPU
	EndGlobalSection
	GlobalSection(ProjectConfigurationPlatforms) = postSolution
		{BB5D22DF-9783-43B4-8C27-88300E961694}.Debug|Any CPU.ActiveCfg = Debug|Any CPU
		{BB5D22DF-9783-43B4-8C27-88300E961694}.Debug|Any CPU.Build.0 = Debug|Any CPU
		{BB5D22DF-9783-43B4-8C27-88300E961694}.Release|Any CPU.ActiveCfg = Release|Any CPU
		{BB5D22DF-9783-43B4-8C27-88300E961694}.Release|Any CPU.Build.0 = Release|Any CPU
	EndGlobalSection
	GlobalSection(SolutionProperties) = preSolution
		HideSolutionNode = FALSE
	EndGlobalSection
	GlobalSection(ExtensibilityGlobals) = postSolution
		SolutionGuid = {68A230F1-B1D6-4E5D-8350-D972F86FF6B8}
	EndGlobalSection
EndGlobal
