
Microsoft Visual Studio Solution File, Format Version 12.00
# Visual Studio Version 17
VisualStudioVersion = 17.2.32630.192
MinimumVisualStudioVersion = 10.0.40219.1
Project("{FAE04EC0-301F-11D3-BF4B-00C04F79EFBC}") = "q4", "q4\q4.csproj", "{20CA1F35-B97A-42E0-8A3E-7A45A24E75C8}"
EndProject
Global
	GlobalSection(SolutionConfigurationPlatforms) = preSolution
		Debug|Any CPU = Debug|Any CPU
		Release|Any CPU = Release|Any CPU
	EndGlobalSection
	GlobalSection(ProjectConfigurationPlatforms) = postSolution
		{20CA1F35-B97A-42E0-8A3E-7A45A24E75C8}.Debug|Any CPU.ActiveCfg = Debug|Any CPU
		{20CA1F35-B97A-42E0-8A3E-7A45A24E75C8}.Debug|Any CPU.Build.0 = Debug|Any CPU
		{20CA1F35-B97A-42E0-8A3E-7A45A24E75C8}.Release|Any CPU.ActiveCfg = Release|Any CPU
		{20CA1F35-B97A-42E0-8A3E-7A45A24E75C8}.Release|Any CPU.Build.0 = Release|Any CPU
	EndGlobalSection
	GlobalSection(SolutionProperties) = preSolution
		HideSolutionNode = FALSE
	EndGlobalSection
	GlobalSection(ExtensibilityGlobals) = postSolution
		SolutionGuid = {EF5E640B-08DF-46AE-ACB0-EF81A620C28B}
	EndGlobalSection
EndGlobal
