
Microsoft Visual Studio Solution File, Format Version 12.00
# Visual Studio Version 17
VisualStudioVersion = 17.2.32630.192
MinimumVisualStudioVersion = 10.0.40219.1
Project("{FAE04EC0-301F-11D3-BF4B-00C04F79EFBC}") = "q2-l2", "q2-l2\q2-l2.csproj", "{8050410A-CA1B-4D47-A892-C663BC9D449C}"
EndProject
Global
	GlobalSection(SolutionConfigurationPlatforms) = preSolution
		Debug|Any CPU = Debug|Any CPU
		Release|Any CPU = Release|Any CPU
	EndGlobalSection
	GlobalSection(ProjectConfigurationPlatforms) = postSolution
		{8050410A-CA1B-4D47-A892-C663BC9D449C}.Debug|Any CPU.ActiveCfg = Debug|Any CPU
		{8050410A-CA1B-4D47-A892-C663BC9D449C}.Debug|Any CPU.Build.0 = Debug|Any CPU
		{8050410A-CA1B-4D47-A892-C663BC9D449C}.Release|Any CPU.ActiveCfg = Release|Any CPU
		{8050410A-CA1B-4D47-A892-C663BC9D449C}.Release|Any CPU.Build.0 = Release|Any CPU
	EndGlobalSection
	GlobalSection(SolutionProperties) = preSolution
		HideSolutionNode = FALSE
	EndGlobalSection
	GlobalSection(ExtensibilityGlobals) = postSolution
		SolutionGuid = {EA6EB2C2-900F-45E3-8E6D-F7CD15FC7CA7}
	EndGlobalSection
EndGlobal
